
Microsoft Visual Studio Solution File, Format Version 12.00
# Visual Studio Version 17
VisualStudioVersion = 17.9.34723.18
MinimumVisualStudioVersion = 10.0.40219.1
Project("{FAE04EC0-301F-11D3-BF4B-00C04F79EFBC}") = "CRUD_COLEGIO_BD", "CRUD_COLEGIO_BD\CRUD_COLEGIO_BD.csproj", "{946A4196-464E-4121-8D3D-574858441805}"
EndProject
Global
	GlobalSection(SolutionConfigurationPlatforms) = preSolution
		Debug|Any CPU = Debug|Any CPU
		Release|Any CPU = Release|Any CPU
	EndGlobalSection
	GlobalSection(ProjectConfigurationPlatforms) = postSolution
		{946A4196-464E-4121-8D3D-574858441805}.Debug|Any CPU.ActiveCfg = Debug|Any CPU
		{946A4196-464E-4121-8D3D-574858441805}.Debug|Any CPU.Build.0 = Debug|Any CPU
		{946A4196-464E-4121-8D3D-574858441805}.Release|Any CPU.ActiveCfg = Release|Any CPU
		{946A4196-464E-4121-8D3D-574858441805}.Release|Any CPU.Build.0 = Release|Any CPU
	EndGlobalSection
	GlobalSection(SolutionProperties) = preSolution
		HideSolutionNode = FALSE
	EndGlobalSection
	GlobalSection(ExtensibilityGlobals) = postSolution
		SolutionGuid = {18E6B12D-7D42-46B7-8099-91FAB13089F5}
	EndGlobalSection
EndGlobal
